// !$*UTF8*$!
{
	archiveVersion = 1;
	classes = {
	};
	objectVersion = 55;
	objects = {

/* Begin PBXBuildFile section */
		B88079FF2786579300DB0AB7 /* Movie.swift in Sources */ = {isa = PBXBuildFile; fileRef = B88079FE2786579300DB0AB7 /* Movie.swift */; };
		B8807A01278660F600DB0AB7 /* MovieDB.swift in Sources */ = {isa = PBXBuildFile; fileRef = B8807A00278660F600DB0AB7 /* MovieDB.swift */; };
		B8807A0327866CED00DB0AB7 /* Error.swift in Sources */ = {isa = PBXBuildFile; fileRef = B8807A0227866CED00DB0AB7 /* Error.swift */; };
		B8A4F9F12785502E001FF5B3 /* UIFont+Traits.swift in Sources */ = {isa = PBXBuildFile; fileRef = B8A4F9EF2785502E001FF5B3 /* UIFont+Traits.swift */; };
		B8A4F9F22785502E001FF5B3 /* UIView+Gradient.swift in Sources */ = {isa = PBXBuildFile; fileRef = B8A4F9F02785502E001FF5B3 /* UIView+Gradient.swift */; };
		B8A4F9F927861CE3001FF5B3 /* UIView+CreateViews.swift in Sources */ = {isa = PBXBuildFile; fileRef = B8A4F9F827861CE3001FF5B3 /* UIView+CreateViews.swift */; };
		B8B22B7D2784DCCC00499840 /* AppDelegate.swift in Sources */ = {isa = PBXBuildFile; fileRef = B8B22B7C2784DCCC00499840 /* AppDelegate.swift */; };
		B8B22B7F2784DCCC00499840 /* SceneDelegate.swift in Sources */ = {isa = PBXBuildFile; fileRef = B8B22B7E2784DCCC00499840 /* SceneDelegate.swift */; };
		B8B22B812784DCCC00499840 /* MovieDetailViewController.swift in Sources */ = {isa = PBXBuildFile; fileRef = B8B22B802784DCCC00499840 /* MovieDetailViewController.swift */; };
		B8B22B872784DCCC00499840 /* Mobile2YouChallenge.xcdatamodeld in Sources */ = {isa = PBXBuildFile; fileRef = B8B22B852784DCCC00499840 /* Mobile2YouChallenge.xcdatamodeld */; };
		B8B22B892784DCCD00499840 /* Assets.xcassets in Resources */ = {isa = PBXBuildFile; fileRef = B8B22B882784DCCD00499840 /* Assets.xcassets */; };
		B8B22B9B2784FBCA00499840 /* MovieDetailViewModel.swift in Sources */ = {isa = PBXBuildFile; fileRef = B8B22B9A2784FBCA00499840 /* MovieDetailViewModel.swift */; };
		B8B22B9D2784FF5500499840 /* UITableView+Constraints.swift in Sources */ = {isa = PBXBuildFile; fileRef = B8B22B9C2784FF5500499840 /* UITableView+Constraints.swift */; };
		B8B22BA5278503BA00499840 /* MainMovieTableViewCell.swift in Sources */ = {isa = PBXBuildFile; fileRef = B8B22BA4278503BA00499840 /* MainMovieTableViewCell.swift */; };
		B8B22BA7278503DC00499840 /* SimilarMoviesTableViewCell.swift in Sources */ = {isa = PBXBuildFile; fileRef = B8B22BA6278503DC00499840 /* SimilarMoviesTableViewCell.swift */; };
/* End PBXBuildFile section */

/* Begin PBXFileReference section */
		B88079FE2786579300DB0AB7 /* Movie.swift */ = {isa = PBXFileReference; lastKnownFileType = sourcecode.swift; path = Movie.swift; sourceTree = "<group>"; };
		B8807A00278660F600DB0AB7 /* MovieDB.swift */ = {isa = PBXFileReference; lastKnownFileType = sourcecode.swift; path = MovieDB.swift; sourceTree = "<group>"; };
		B8807A0227866CED00DB0AB7 /* Error.swift */ = {isa = PBXFileReference; lastKnownFileType = sourcecode.swift; path = Error.swift; sourceTree = "<group>"; };
		B8A4F9EF2785502E001FF5B3 /* UIFont+Traits.swift */ = {isa = PBXFileReference; fileEncoding = 4; lastKnownFileType = sourcecode.swift; path = "UIFont+Traits.swift"; sourceTree = "<group>"; };
		B8A4F9F02785502E001FF5B3 /* UIView+Gradient.swift */ = {isa = PBXFileReference; fileEncoding = 4; lastKnownFileType = sourcecode.swift; path = "UIView+Gradient.swift"; sourceTree = "<group>"; };
		B8A4F9F827861CE3001FF5B3 /* UIView+CreateViews.swift */ = {isa = PBXFileReference; lastKnownFileType = sourcecode.swift; path = "UIView+CreateViews.swift"; sourceTree = "<group>"; };
		B8B22B792784DCCC00499840 /* Mobile2YouChallenge.app */ = {isa = PBXFileReference; explicitFileType = wrapper.application; includeInIndex = 0; path = Mobile2YouChallenge.app; sourceTree = BUILT_PRODUCTS_DIR; };
		B8B22B7C2784DCCC00499840 /* AppDelegate.swift */ = {isa = PBXFileReference; lastKnownFileType = sourcecode.swift; path = AppDelegate.swift; sourceTree = "<group>"; };
		B8B22B7E2784DCCC00499840 /* SceneDelegate.swift */ = {isa = PBXFileReference; lastKnownFileType = sourcecode.swift; path = SceneDelegate.swift; sourceTree = "<group>"; };
		B8B22B802784DCCC00499840 /* MovieDetailViewController.swift */ = {isa = PBXFileReference; lastKnownFileType = sourcecode.swift; path = MovieDetailViewController.swift; sourceTree = "<group>"; };
		B8B22B862784DCCC00499840 /* Mobile2YouChallenge.xcdatamodel */ = {isa = PBXFileReference; lastKnownFileType = wrapper.xcdatamodel; path = Mobile2YouChallenge.xcdatamodel; sourceTree = "<group>"; };
		B8B22B882784DCCD00499840 /* Assets.xcassets */ = {isa = PBXFileReference; lastKnownFileType = folder.assetcatalog; path = Assets.xcassets; sourceTree = "<group>"; };
		B8B22B8D2784DCCD00499840 /* Info.plist */ = {isa = PBXFileReference; lastKnownFileType = text.plist.xml; path = Info.plist; sourceTree = "<group>"; };
		B8B22B9A2784FBCA00499840 /* MovieDetailViewModel.swift */ = {isa = PBXFileReference; lastKnownFileType = sourcecode.swift; path = MovieDetailViewModel.swift; sourceTree = "<group>"; };
		B8B22B9C2784FF5500499840 /* UITableView+Constraints.swift */ = {isa = PBXFileReference; lastKnownFileType = sourcecode.swift; path = "UITableView+Constraints.swift"; sourceTree = "<group>"; };
		B8B22BA4278503BA00499840 /* MainMovieTableViewCell.swift */ = {isa = PBXFileReference; lastKnownFileType = sourcecode.swift; path = MainMovieTableViewCell.swift; sourceTree = "<group>"; };
		B8B22BA6278503DC00499840 /* SimilarMoviesTableViewCell.swift */ = {isa = PBXFileReference; lastKnownFileType = sourcecode.swift; path = SimilarMoviesTableViewCell.swift; sourceTree = "<group>"; };
/* End PBXFileReference section */

/* Begin PBXFrameworksBuildPhase section */
		B8B22B762784DCCC00499840 /* Frameworks */ = {
			isa = PBXFrameworksBuildPhase;
			buildActionMask = 2147483647;
			files = (
			);
			runOnlyForDeploymentPostprocessing = 0;
		};
/* End PBXFrameworksBuildPhase section */

/* Begin PBXGroup section */
		B8807A0427866CF000DB0AB7 /* Defaults */ = {
			isa = PBXGroup;
			children = (
				B8807A0227866CED00DB0AB7 /* Error.swift */,
			);
			path = Defaults;
			sourceTree = "<group>";
		};
		B8807A052786885600DB0AB7 /* Similar Movies */ = {
			isa = PBXGroup;
			children = (
				B8B22BA6278503DC00499840 /* SimilarMoviesTableViewCell.swift */,
			);
			path = "Similar Movies";
			sourceTree = "<group>";
		};
		B8A4F9F327855063001FF5B3 /* Main Movie */ = {
			isa = PBXGroup;
			children = (
				B8B22BA4278503BA00499840 /* MainMovieTableViewCell.swift */,
			);
			path = "Main Movie";
			sourceTree = "<group>";
		};
		B8B22B702784DCCB00499840 = {
			isa = PBXGroup;
			children = (
				B8B22B7B2784DCCC00499840 /* Mobile2YouChallenge */,
				B8B22B7A2784DCCC00499840 /* Products */,
			);
			sourceTree = "<group>";
		};
		B8B22B7A2784DCCC00499840 /* Products */ = {
			isa = PBXGroup;
			children = (
				B8B22B792784DCCC00499840 /* Mobile2YouChallenge.app */,
			);
			name = Products;
			sourceTree = "<group>";
		};
		B8B22B7B2784DCCC00499840 /* Mobile2YouChallenge */ = {
			isa = PBXGroup;
			children = (
				B8B22B932784DD5200499840 /* Core */,
				B8B22B952784DDA700499840 /* Utilities */,
				B8B22B942784DD7A00499840 /* View */,
				B8B22B982784E0A400499840 /* View Model */,
				B8B22B972784E07600499840 /* Model */,
				B8B22B992784E0C700499840 /* Resources */,
				B8B22B8D2784DCCD00499840 /* Info.plist */,
				B8B22B852784DCCC00499840 /* Mobile2YouChallenge.xcdatamodeld */,
			);
			path = Mobile2YouChallenge;
			sourceTree = "<group>";
		};
		B8B22B932784DD5200499840 /* Core */ = {
			isa = PBXGroup;
			children = (
				B8B22B7C2784DCCC00499840 /* AppDelegate.swift */,
				B8B22B7E2784DCCC00499840 /* SceneDelegate.swift */,
			);
			path = Core;
			sourceTree = "<group>";
		};
		B8B22B942784DD7A00499840 /* View */ = {
			isa = PBXGroup;
			children = (
				B8B22B9E2785032600499840 /* Screens */,
			);
			path = View;
			sourceTree = "<group>";
		};
		B8B22B952784DDA700499840 /* Utilities */ = {
			isa = PBXGroup;
			children = (
				B8807A0427866CF000DB0AB7 /* Defaults */,
				B8B22B962784DDB300499840 /* Extensions */,
			);
			path = Utilities;
			sourceTree = "<group>";
		};
		B8B22B962784DDB300499840 /* Extensions */ = {
			isa = PBXGroup;
			children = (
				B8A4F9EF2785502E001FF5B3 /* UIFont+Traits.swift */,
				B8A4F9F02785502E001FF5B3 /* UIView+Gradient.swift */,
				B8B22B9C2784FF5500499840 /* UITableView+Constraints.swift */,
				B8A4F9F827861CE3001FF5B3 /* UIView+CreateViews.swift */,
			);
			path = Extensions;
			sourceTree = "<group>";
		};
		B8B22B972784E07600499840 /* Model */ = {
			isa = PBXGroup;
			children = (
				B88079FE2786579300DB0AB7 /* Movie.swift */,
				B8807A00278660F600DB0AB7 /* MovieDB.swift */,
			);
			path = Model;
			sourceTree = "<group>";
		};
		B8B22B982784E0A400499840 /* View Model */ = {
			isa = PBXGroup;
			children = (
				B8B22B9A2784FBCA00499840 /* MovieDetailViewModel.swift */,
			);
			path = "View Model";
			sourceTree = "<group>";
		};
		B8B22B992784E0C700499840 /* Resources */ = {
			isa = PBXGroup;
			children = (
				B8B22B882784DCCD00499840 /* Assets.xcassets */,
			);
			path = Resources;
			sourceTree = "<group>";
		};
		B8B22B9E2785032600499840 /* Screens */ = {
			isa = PBXGroup;
			children = (
				B8B22B9F2785035C00499840 /* Movie Detail */,
			);
			path = Screens;
			sourceTree = "<group>";
		};
		B8B22B9F2785035C00499840 /* Movie Detail */ = {
			isa = PBXGroup;
			children = (
				B8B22B802784DCCC00499840 /* MovieDetailViewController.swift */,
				B8A4F9F327855063001FF5B3 /* Main Movie */,
				B8807A052786885600DB0AB7 /* Similar Movies */,
			);
			path = "Movie Detail";
			sourceTree = "<group>";
		};
/* End PBXGroup section */

/* Begin PBXNativeTarget section */
		B8B22B782784DCCC00499840 /* Mobile2YouChallenge */ = {
			isa = PBXNativeTarget;
			buildConfigurationList = B8B22B902784DCCD00499840 /* Build configuration list for PBXNativeTarget "Mobile2YouChallenge" */;
			buildPhases = (
				B8B22B752784DCCC00499840 /* Sources */,
				B8B22B762784DCCC00499840 /* Frameworks */,
				B8B22B772784DCCC00499840 /* Resources */,
			);
			buildRules = (
			);
			dependencies = (
			);
			name = Mobile2YouChallenge;
			productName = Mobile2YouChallenge;
			productReference = B8B22B792784DCCC00499840 /* Mobile2YouChallenge.app */;
			productType = "com.apple.product-type.application";
		};
/* End PBXNativeTarget section */

/* Begin PBXProject section */
		B8B22B712784DCCB00499840 /* Project object */ = {
			isa = PBXProject;
			attributes = {
				BuildIndependentTargetsInParallel = 1;
				LastSwiftUpdateCheck = 1320;
				LastUpgradeCheck = 1320;
				TargetAttributes = {
					B8B22B782784DCCC00499840 = {
						CreatedOnToolsVersion = 13.2.1;
					};
				};
			};
			buildConfigurationList = B8B22B742784DCCB00499840 /* Build configuration list for PBXProject "Mobile2YouChallenge" */;
			compatibilityVersion = "Xcode 13.0";
			developmentRegion = en;
			hasScannedForEncodings = 0;
			knownRegions = (
				en,
				Base,
			);
			mainGroup = B8B22B702784DCCB00499840;
			productRefGroup = B8B22B7A2784DCCC00499840 /* Products */;
			projectDirPath = "";
			projectRoot = "";
			targets = (
				B8B22B782784DCCC00499840 /* Mobile2YouChallenge */,
			);
		};
/* End PBXProject section */

/* Begin PBXResourcesBuildPhase section */
		B8B22B772784DCCC00499840 /* Resources */ = {
			isa = PBXResourcesBuildPhase;
			buildActionMask = 2147483647;
			files = (
				B8B22B892784DCCD00499840 /* Assets.xcassets in Resources */,
			);
			runOnlyForDeploymentPostprocessing = 0;
		};
/* End PBXResourcesBuildPhase section */

/* Begin PBXSourcesBuildPhase section */
		B8B22B752784DCCC00499840 /* Sources */ = {
			isa = PBXSourcesBuildPhase;
			buildActionMask = 2147483647;
			files = (
				B8B22B9D2784FF5500499840 /* UITableView+Constraints.swift in Sources */,
				B8B22B872784DCCC00499840 /* Mobile2YouChallenge.xcdatamodeld in Sources */,
				B88079FF2786579300DB0AB7 /* Movie.swift in Sources */,
				B8A4F9F927861CE3001FF5B3 /* UIView+CreateViews.swift in Sources */,
				B8B22BA5278503BA00499840 /* MainMovieTableViewCell.swift in Sources */,
				B8B22B9B2784FBCA00499840 /* MovieDetailViewModel.swift in Sources */,
				B8B22BA7278503DC00499840 /* SimilarMoviesTableViewCell.swift in Sources */,
				B8B22B812784DCCC00499840 /* MovieDetailViewController.swift in Sources */,
				B8807A01278660F600DB0AB7 /* MovieDB.swift in Sources */,
				B8A4F9F12785502E001FF5B3 /* UIFont+Traits.swift in Sources */,
				B8B22B7D2784DCCC00499840 /* AppDelegate.swift in Sources */,
				B8A4F9F22785502E001FF5B3 /* UIView+Gradient.swift in Sources */,
				B8807A0327866CED00DB0AB7 /* Error.swift in Sources */,
				B8B22B7F2784DCCC00499840 /* SceneDelegate.swift in Sources */,
			);
			runOnlyForDeploymentPostprocessing = 0;
		};
/* End PBXSourcesBuildPhase section */

/* Begin XCBuildConfiguration section */
		B8B22B8E2784DCCD00499840 /* Debug */ = {
			isa = XCBuildConfiguration;
			buildSettings = {
				ALWAYS_SEARCH_USER_PATHS = NO;
				CLANG_ANALYZER_NONNULL = YES;
				CLANG_ANALYZER_NUMBER_OBJECT_CONVERSION = YES_AGGRESSIVE;
				CLANG_CXX_LANGUAGE_STANDARD = "gnu++17";
				CLANG_CXX_LIBRARY = "libc++";
				CLANG_ENABLE_MODULES = YES;
				CLANG_ENABLE_OBJC_ARC = YES;
				CLANG_ENABLE_OBJC_WEAK = YES;
				CLANG_WARN_BLOCK_CAPTURE_AUTORELEASING = YES;
				CLANG_WARN_BOOL_CONVERSION = YES;
				CLANG_WARN_COMMA = YES;
				CLANG_WARN_CONSTANT_CONVERSION = YES;
				CLANG_WARN_DEPRECATED_OBJC_IMPLEMENTATIONS = YES;
				CLANG_WARN_DIRECT_OBJC_ISA_USAGE = YES_ERROR;
				CLANG_WARN_DOCUMENTATION_COMMENTS = YES;
				CLANG_WARN_EMPTY_BODY = YES;
				CLANG_WARN_ENUM_CONVERSION = YES;
				CLANG_WARN_INFINITE_RECURSION = YES;
				CLANG_WARN_INT_CONVERSION = YES;
				CLANG_WARN_NON_LITERAL_NULL_CONVERSION = YES;
				CLANG_WARN_OBJC_IMPLICIT_RETAIN_SELF = YES;
				CLANG_WARN_OBJC_LITERAL_CONVERSION = YES;
				CLANG_WARN_OBJC_ROOT_CLASS = YES_ERROR;
				CLANG_WARN_QUOTED_INCLUDE_IN_FRAMEWORK_HEADER = YES;
				CLANG_WARN_RANGE_LOOP_ANALYSIS = YES;
				CLANG_WARN_STRICT_PROTOTYPES = YES;
				CLANG_WARN_SUSPICIOUS_MOVE = YES;
				CLANG_WARN_UNGUARDED_AVAILABILITY = YES_AGGRESSIVE;
				CLANG_WARN_UNREACHABLE_CODE = YES;
				CLANG_WARN__DUPLICATE_METHOD_MATCH = YES;
				COPY_PHASE_STRIP = NO;
				DEBUG_INFORMATION_FORMAT = dwarf;
				ENABLE_STRICT_OBJC_MSGSEND = YES;
				ENABLE_TESTABILITY = YES;
				GCC_C_LANGUAGE_STANDARD = gnu11;
				GCC_DYNAMIC_NO_PIC = NO;
				GCC_NO_COMMON_BLOCKS = YES;
				GCC_OPTIMIZATION_LEVEL = 0;
				GCC_PREPROCESSOR_DEFINITIONS = (
					"DEBUG=1",
					"$(inherited)",
				);
				GCC_WARN_64_TO_32_BIT_CONVERSION = YES;
				GCC_WARN_ABOUT_RETURN_TYPE = YES_ERROR;
				GCC_WARN_UNDECLARED_SELECTOR = YES;
				GCC_WARN_UNINITIALIZED_AUTOS = YES_AGGRESSIVE;
				GCC_WARN_UNUSED_FUNCTION = YES;
				GCC_WARN_UNUSED_VARIABLE = YES;
				IPHONEOS_DEPLOYMENT_TARGET = 15.2;
				MTL_ENABLE_DEBUG_INFO = INCLUDE_SOURCE;
				MTL_FAST_MATH = YES;
				ONLY_ACTIVE_ARCH = YES;
				SDKROOT = iphoneos;
				SWIFT_ACTIVE_COMPILATION_CONDITIONS = DEBUG;
				SWIFT_OPTIMIZATION_LEVEL = "-Onone";
			};
			name = Debug;
		};
		B8B22B8F2784DCCD00499840 /* Release */ = {
			isa = XCBuildConfiguration;
			buildSettings = {
				ALWAYS_SEARCH_USER_PATHS = NO;
				CLANG_ANALYZER_NONNULL = YES;
				CLANG_ANALYZER_NUMBER_OBJECT_CONVERSION = YES_AGGRESSIVE;
				CLANG_CXX_LANGUAGE_STANDARD = "gnu++17";
				CLANG_CXX_LIBRARY = "libc++";
				CLANG_ENABLE_MODULES = YES;
				CLANG_ENABLE_OBJC_ARC = YES;
				CLANG_ENABLE_OBJC_WEAK = YES;
				CLANG_WARN_BLOCK_CAPTURE_AUTORELEASING = YES;
				CLANG_WARN_BOOL_CONVERSION = YES;
				CLANG_WARN_COMMA = YES;
				CLANG_WARN_CONSTANT_CONVERSION = YES;
				CLANG_WARN_DEPRECATED_OBJC_IMPLEMENTATIONS = YES;
				CLANG_WARN_DIRECT_OBJC_ISA_USAGE = YES_ERROR;
				CLANG_WARN_DOCUMENTATION_COMMENTS = YES;
				CLANG_WARN_EMPTY_BODY = YES;
				CLANG_WARN_ENUM_CONVERSION = YES;
				CLANG_WARN_INFINITE_RECURSION = YES;
				CLANG_WARN_INT_CONVERSION = YES;
				CLANG_WARN_NON_LITERAL_NULL_CONVERSION = YES;
				CLANG_WARN_OBJC_IMPLICIT_RETAIN_SELF = YES;
				CLANG_WARN_OBJC_LITERAL_CONVERSION = YES;
				CLANG_WARN_OBJC_ROOT_CLASS = YES_ERROR;
				CLANG_WARN_QUOTED_INCLUDE_IN_FRAMEWORK_HEADER = YES;
				CLANG_WARN_RANGE_LOOP_ANALYSIS = YES;
				CLANG_WARN_STRICT_PROTOTYPES = YES;
				CLANG_WARN_SUSPICIOUS_MOVE = YES;
				CLANG_WARN_UNGUARDED_AVAILABILITY = YES_AGGRESSIVE;
				CLANG_WARN_UNREACHABLE_CODE = YES;
				CLANG_WARN__DUPLICATE_METHOD_MATCH = YES;
				COPY_PHASE_STRIP = NO;
				DEBUG_INFORMATION_FORMAT = "dwarf-with-dsym";
				ENABLE_NS_ASSERTIONS = NO;
				ENABLE_STRICT_OBJC_MSGSEND = YES;
				GCC_C_LANGUAGE_STANDARD = gnu11;
				GCC_NO_COMMON_BLOCKS = YES;
				GCC_WARN_64_TO_32_BIT_CONVERSION = YES;
				GCC_WARN_ABOUT_RETURN_TYPE = YES_ERROR;
				GCC_WARN_UNDECLARED_SELECTOR = YES;
				GCC_WARN_UNINITIALIZED_AUTOS = YES_AGGRESSIVE;
				GCC_WARN_UNUSED_FUNCTION = YES;
				GCC_WARN_UNUSED_VARIABLE = YES;
				IPHONEOS_DEPLOYMENT_TARGET = 15.2;
				MTL_ENABLE_DEBUG_INFO = NO;
				MTL_FAST_MATH = YES;
				SDKROOT = iphoneos;
				SWIFT_COMPILATION_MODE = wholemodule;
				SWIFT_OPTIMIZATION_LEVEL = "-O";
				VALIDATE_PRODUCT = YES;
			};
			name = Release;
		};
		B8B22B912784DCCD00499840 /* Debug */ = {
			isa = XCBuildConfiguration;
			buildSettings = {
				ASSETCATALOG_COMPILER_APPICON_NAME = AppIcon;
				ASSETCATALOG_COMPILER_GLOBAL_ACCENT_COLOR_NAME = AccentColor;
				CODE_SIGN_STYLE = Automatic;
				CURRENT_PROJECT_VERSION = 1;
				DEVELOPMENT_TEAM = 9UCZ959GPV;
				GENERATE_INFOPLIST_FILE = YES;
				INFOPLIST_FILE = Mobile2YouChallenge/Info.plist;
				INFOPLIST_KEY_CFBundleDisplayName = Mobile2YouChallenge;
				INFOPLIST_KEY_UIApplicationSupportsIndirectInputEvents = YES;
				INFOPLIST_KEY_UILaunchStoryboardName = LaunchScreen;
				INFOPLIST_KEY_UISupportedInterfaceOrientations = UIInterfaceOrientationPortrait;
				INFOPLIST_KEY_UISupportedInterfaceOrientations_iPad = "UIInterfaceOrientationPortrait UIInterfaceOrientationPortraitUpsideDown UIInterfaceOrientationLandscapeLeft UIInterfaceOrientationLandscapeRight";
				INFOPLIST_KEY_UISupportedInterfaceOrientations_iPhone = UIInterfaceOrientationPortrait;
				IPHONEOS_DEPLOYMENT_TARGET = 15.1;
				LD_RUNPATH_SEARCH_PATHS = (
					"$(inherited)",
					"@executable_path/Frameworks",
				);
				MARKETING_VERSION = 1.0;
				PRODUCT_BUNDLE_IDENTIFIER = br.com.gabrielsouza.Mobile2YouChallenge;
				PRODUCT_NAME = "$(TARGET_NAME)";
				SWIFT_EMIT_LOC_STRINGS = YES;
				SWIFT_VERSION = 5.0;
				TARGETED_DEVICE_FAMILY = 1;
			};
			name = Debug;
		};
		B8B22B922784DCCD00499840 /* Release */ = {
			isa = XCBuildConfiguration;
			buildSettings = {
				ASSETCATALOG_COMPILER_APPICON_NAME = AppIcon;
				ASSETCATALOG_COMPILER_GLOBAL_ACCENT_COLOR_NAME = AccentColor;
				CODE_SIGN_STYLE = Automatic;
				CURRENT_PROJECT_VERSION = 1;
				DEVELOPMENT_TEAM = 9UCZ959GPV;
				GENERATE_INFOPLIST_FILE = YES;
				INFOPLIST_FILE = Mobile2YouChallenge/Info.plist;
				INFOPLIST_KEY_CFBundleDisplayName = Mobile2YouChallenge;
				INFOPLIST_KEY_UIApplicationSupportsIndirectInputEvents = YES;
				INFOPLIST_KEY_UILaunchStoryboardName = LaunchScreen;
				INFOPLIST_KEY_UISupportedInterfaceOrientations = UIInterfaceOrientationPortrait;
				INFOPLIST_KEY_UISupportedInterfaceOrientations_iPad = "UIInterfaceOrientationPortrait UIInterfaceOrientationPortraitUpsideDown UIInterfaceOrientationLandscapeLeft UIInterfaceOrientationLandscapeRight";
				INFOPLIST_KEY_UISupportedInterfaceOrientations_iPhone = UIInterfaceOrientationPortrait;
				IPHONEOS_DEPLOYMENT_TARGET = 15.1;
				LD_RUNPATH_SEARCH_PATHS = (
					"$(inherited)",
					"@executable_path/Frameworks",
				);
				MARKETING_VERSION = 1.0;
				PRODUCT_BUNDLE_IDENTIFIER = br.com.gabrielsouza.Mobile2YouChallenge;
				PRODUCT_NAME = "$(TARGET_NAME)";
				SWIFT_EMIT_LOC_STRINGS = YES;
				SWIFT_VERSION = 5.0;
				TARGETED_DEVICE_FAMILY = 1;
			};
			name = Release;
		};
/* End XCBuildConfiguration section */

/* Begin XCConfigurationList section */
		B8B22B742784DCCB00499840 /* Build configuration list for PBXProject "Mobile2YouChallenge" */ = {
			isa = XCConfigurationList;
			buildConfigurations = (
				B8B22B8E2784DCCD00499840 /* Debug */,
				B8B22B8F2784DCCD00499840 /* Release */,
			);
			defaultConfigurationIsVisible = 0;
			defaultConfigurationName = Release;
		};
		B8B22B902784DCCD00499840 /* Build configuration list for PBXNativeTarget "Mobile2YouChallenge" */ = {
			isa = XCConfigurationList;
			buildConfigurations = (
				B8B22B912784DCCD00499840 /* Debug */,
				B8B22B922784DCCD00499840 /* Release */,
			);
			defaultConfigurationIsVisible = 0;
			defaultConfigurationName = Release;
		};
/* End XCConfigurationList section */

/* Begin XCVersionGroup section */
		B8B22B852784DCCC00499840 /* Mobile2YouChallenge.xcdatamodeld */ = {
			isa = XCVersionGroup;
			children = (
				B8B22B862784DCCC00499840 /* Mobile2YouChallenge.xcdatamodel */,
			);
			currentVersion = B8B22B862784DCCC00499840 /* Mobile2YouChallenge.xcdatamodel */;
			path = Mobile2YouChallenge.xcdatamodeld;
			sourceTree = "<group>";
			versionGroupType = wrapper.xcdatamodel;
		};
/* End XCVersionGroup section */
	};
	rootObject = B8B22B712784DCCB00499840 /* Project object */;
}
